
Microsoft Visual Studio Solution File, Format Version 12.00
# Visual Studio Express 2012 for Web
Project("{F2A71F9B-5D33-465A-A702-920D77279786}") = "Euler1", "Euler1\Euler1.fsproj", "{9D48DFC9-1058-4EAD-AB38-390C57397D5A}"
EndProject
Project("{F2A71F9B-5D33-465A-A702-920D77279786}") = "Euler2", "Euler2\Euler2.fsproj", "{DCC2F998-731B-4876-866E-4A284F689F36}"
EndProject
Project("{F2A71F9B-5D33-465A-A702-920D77279786}") = "Euler3", "Euler3\Euler3.fsproj", "{93817E02-CE49-4C36-9692-09A0C8508640}"
EndProject
Project("{F2A71F9B-5D33-465A-A702-920D77279786}") = "Euler4", "Euler4\Euler4.fsproj", "{E6913DCE-DB43-468D-9B41-201477E27CA2}"
EndProject
Project("{F2A71F9B-5D33-465A-A702-920D77279786}") = "Euler6", "Euler6\Euler6.fsproj", "{224D1FD9-6AEB-4A5C-A5FE-D21E99121EBA}"
EndProject
Project("{F2A71F9B-5D33-465A-A702-920D77279786}") = "Euler7", "Euler7\Euler7.fsproj", "{839F4B86-E6C5-411C-9CB3-97F0BB07B0B4}"
EndProject
Project("{F2A71F9B-5D33-465A-A702-920D77279786}") = "Euler8", "Euler8\Euler8.fsproj", "{4AC2D54A-7768-48BF-AE2B-F316A4912B0D}"
EndProject
Project("{F2A71F9B-5D33-465A-A702-920D77279786}") = "Euler9", "Euler9\Euler9.fsproj", "{B42406BA-9F7B-4268-90C0-E2E0D20F6F74}"
EndProject
Project("{F2A71F9B-5D33-465A-A702-920D77279786}") = "Euler10", "Euler10\Euler10.fsproj", "{940513B9-2E26-414F-BE06-212F744175D7}"
EndProject
Project("{F2A71F9B-5D33-465A-A702-920D77279786}") = "Euler11", "Euler11\Euler11.fsproj", "{63C08D5B-92FA-4BD3-9B0A-F9896E577A9A}"
EndProject
Project("{F2A71F9B-5D33-465A-A702-920D77279786}") = "Euler12", "Euler12\Euler12.fsproj", "{68303328-5BDE-4AE3-9A3E-9E5773F3957B}"
EndProject
Project("{F2A71F9B-5D33-465A-A702-920D77279786}") = "Euler5", "Euler5\Euler5.fsproj", "{C5AD51D3-72B9-4212-9D06-FA9C52BE25B1}"
EndProject
Project("{F2A71F9B-5D33-465A-A702-920D77279786}") = "Euler13", "Euler13\Euler13.fsproj", "{79995F3F-71D7-44F9-875F-C90A03282A24}"
EndProject
Project("{F2A71F9B-5D33-465A-A702-920D77279786}") = "Euler14", "Euler14\Euler14.fsproj", "{446AD014-29F1-4DEA-B87C-321C6E54F3A2}"
EndProject
Project("{F2A71F9B-5D33-465A-A702-920D77279786}") = "Euler17", "Euler17\Euler17.fsproj", "{C0DCFDAD-FF8D-46E4-A6A6-45D5427EDBCA}"
EndProject
Project("{F2A71F9B-5D33-465A-A702-920D77279786}") = "Euler18", "Euler18\Euler18.fsproj", "{A873BBDD-CB90-46A2-B2FC-79F9BC895E21}"
EndProject
Project("{F2A71F9B-5D33-465A-A702-920D77279786}") = "Euler19", "Euler19\Euler19.fsproj", "{1F3467B3-3971-494D-8073-94A7FCEC97E7}"
EndProject
Project("{F2A71F9B-5D33-465A-A702-920D77279786}") = "Euler20", "Euler20\Euler20.fsproj", "{B882F9FC-6E69-4C86-BA7B-73A7F866D8ED}"
EndProject
Project("{F2A71F9B-5D33-465A-A702-920D77279786}") = "Euler67", "Euler67\Euler67.fsproj", "{2AFF9E76-CAF9-44F7-A395-EEB904BC379D}"
EndProject
Project("{F2A71F9B-5D33-465A-A702-920D77279786}") = "Euler21", "Euler21\Euler21.fsproj", "{198EDFFB-7579-459C-B6BD-5349094874FF}"
EndProject
Project("{F2A71F9B-5D33-465A-A702-920D77279786}") = "Euler22", "Euler22\Euler22.fsproj", "{314B45D7-14C2-437D-940E-0C8F7A1A673A}"
EndProject
Project("{F2A71F9B-5D33-465A-A702-920D77279786}") = "Euler23", "Euler23\Euler23.fsproj", "{988B4A16-6373-4D41-899E-18E4CEF335C6}"
EndProject
Project("{F2A71F9B-5D33-465A-A702-920D77279786}") = "Euler24", "Euler24\Euler24.fsproj", "{A4AB3E64-D504-4D9D-B48B-53742A779EF5}"
EndProject
Project("{F2A71F9B-5D33-465A-A702-920D77279786}") = "Euler25", "Euler25\Euler25.fsproj", "{58B283F6-14DE-48D3-9E30-474DC2429E70}"
EndProject
Project("{F2A71F9B-5D33-465A-A702-920D77279786}") = "Euler15", "Euler15\Euler15.fsproj", "{7B199AF6-DBD2-435D-A150-4421B789FF12}"
EndProject
Project("{F2A71F9B-5D33-465A-A702-920D77279786}") = "Euler26", "Euler26\Euler26.fsproj", "{C0D14B37-F8D2-4357-8101-DFAEAE77939C}"
EndProject
Project("{F2A71F9B-5D33-465A-A702-920D77279786}") = "Euler27", "Euler27\Euler27.fsproj", "{151EA229-BB7D-451D-9177-71083FB071C6}"
EndProject
Project("{F2A71F9B-5D33-465A-A702-920D77279786}") = "Euler28", "Euler28\Euler28.fsproj", "{6D058193-6844-4494-AD51-BD08113899B2}"
EndProject
Project("{F2A71F9B-5D33-465A-A702-920D77279786}") = "Euler29", "Euler29\Euler29.fsproj", "{BAB4F5FB-63ED-4917-A680-35DCD47CA5AC}"
EndProject
Project("{F2A71F9B-5D33-465A-A702-920D77279786}") = "Euler30", "Euler30\Euler30.fsproj", "{5582402A-E7E2-4358-AB6D-7790720A9951}"
EndProject
Project("{F2A71F9B-5D33-465A-A702-920D77279786}") = "Euler31", "Euler31\Euler31.fsproj", "{FCB50022-9026-4580-BAF1-2DCA82E12750}"
EndProject
Project("{F2A71F9B-5D33-465A-A702-920D77279786}") = "Euler32", "Euler32\Euler32.fsproj", "{9CC5DDF3-D3FE-4B58-9E57-26DCF4B0013B}"
EndProject
Project("{F2A71F9B-5D33-465A-A702-920D77279786}") = "Euler16", "Euler16\Euler16.fsproj", "{A4A33341-3956-4C5C-BABF-35FB5D8F9220}"
EndProject
Project("{F2A71F9B-5D33-465A-A702-920D77279786}") = "Euler33", "Euler33\Euler33.fsproj", "{E4C5B21D-84F0-4E1A-975A-7D24A75C55BA}"
EndProject
Project("{F2A71F9B-5D33-465A-A702-920D77279786}") = "Euler34", "Euler34\Euler34.fsproj", "{F889AEC3-50C6-4D49-94B9-5BE3A36A4B7D}"
EndProject
Project("{F2A71F9B-5D33-465A-A702-920D77279786}") = "Euler35", "Euler35\Euler35.fsproj", "{09283A33-EC06-43FF-99F1-3B088ACD42A6}"
EndProject
Project("{F2A71F9B-5D33-465A-A702-920D77279786}") = "Euler36", "Euler36\Euler36.fsproj", "{F117BD7C-B9A0-4A3E-A76C-74CBA3B401B8}"
EndProject
Project("{F2A71F9B-5D33-465A-A702-920D77279786}") = "Euler37", "Euler37\Euler37.fsproj", "{42DE3A06-81B6-43AF-9E5A-79DC1BE77739}"
EndProject
Project("{F2A71F9B-5D33-465A-A702-920D77279786}") = "Euler38", "Euler38\Euler38.fsproj", "{5D524B12-68C3-463C-B833-30AA6A84A2B8}"
EndProject
Project("{F2A71F9B-5D33-465A-A702-920D77279786}") = "Euler39", "Euler39\Euler39.fsproj", "{487F4F4B-0B10-4AA4-8234-464F3B852644}"
EndProject
Project("{F2A71F9B-5D33-465A-A702-920D77279786}") = "Euler40", "Euler40\Euler40.fsproj", "{478E1BD0-8473-45CC-98F4-4903CFB204C9}"
EndProject
Project("{F2A71F9B-5D33-465A-A702-920D77279786}") = "Euler41", "Euler41\Euler41.fsproj", "{6E5F7382-7C26-4631-93E1-F865422E8FC1}"
EndProject
Project("{F2A71F9B-5D33-465A-A702-920D77279786}") = "Euler42", "Euler42\Euler42.fsproj", "{8996D15E-8CAE-43CB-9078-D89EC71AFE1C}"
EndProject
Project("{F2A71F9B-5D33-465A-A702-920D77279786}") = "Euler43", "Euler43\Euler43.fsproj", "{74FED3F9-C0A0-4BAE-BA17-A100F00CD77C}"
EndProject
Project("{F2A71F9B-5D33-465A-A702-920D77279786}") = "Euler44", "Euler44\Euler44.fsproj", "{F7B2CFF7-241B-409C-A3FD-BCBDC578DDBA}"
EndProject
Project("{F2A71F9B-5D33-465A-A702-920D77279786}") = "Euler45", "Euler45\Euler45.fsproj", "{FD947682-2416-41FF-AD12-CA28B380E11B}"
EndProject
Project("{F2A71F9B-5D33-465A-A702-920D77279786}") = "Euler46", "Euler46\Euler46.fsproj", "{A36F4355-5B35-4936-A373-521D832E4D57}"
EndProject
Project("{F2A71F9B-5D33-465A-A702-920D77279786}") = "Euler47", "Euler47\Euler47.fsproj", "{7F27AA1C-EFAF-47E8-B7DC-50217814DC41}"
EndProject
Project("{F2A71F9B-5D33-465A-A702-920D77279786}") = "Euler48", "Euler48\Euler48.fsproj", "{FBA217C2-99D0-41E0-8B93-09CADA6A44A0}"
EndProject
Project("{F2A71F9B-5D33-465A-A702-920D77279786}") = "Euler49", "Euler49\Euler49.fsproj", "{16865524-F5DA-4F5B-A902-2878E3E6B51D}"
EndProject
Project("{F2A71F9B-5D33-465A-A702-920D77279786}") = "Euler50", "Euler50\Euler50.fsproj", "{C7607579-01EF-4E45-8880-D2A719DBAB4B}"
EndProject
Project("{F2A71F9B-5D33-465A-A702-920D77279786}") = "Euler51", "Euler51\Euler51.fsproj", "{F18A9054-78DE-4325-B04D-B76D44ED28D8}"
EndProject
Project("{F2A71F9B-5D33-465A-A702-920D77279786}") = "Euler52", "Euler52\Euler52.fsproj", "{604707FC-60EE-4625-B4E0-1DC62D2D5DC3}"
EndProject
Project("{F2A71F9B-5D33-465A-A702-920D77279786}") = "Euler53", "Euler53\Euler53.fsproj", "{85746CE3-636E-488E-B409-4A00E7D124F9}"
EndProject
Project("{F2A71F9B-5D33-465A-A702-920D77279786}") = "Euler54", "Euler54\Euler54.fsproj", "{EE51DA64-05AE-4D41-9622-421BFE992DB8}"
EndProject
Project("{F2A71F9B-5D33-465A-A702-920D77279786}") = "Euler55", "Euler55\Euler55.fsproj", "{D80FA8A4-5BAE-48C9-A64C-593C97A15903}"
EndProject
Global
	GlobalSection(SolutionConfigurationPlatforms) = preSolution
		Debug|Any CPU = Debug|Any CPU
		Debug|Mixed Platforms = Debug|Mixed Platforms
		Debug|x86 = Debug|x86
		Release|Any CPU = Release|Any CPU
		Release|Mixed Platforms = Release|Mixed Platforms
		Release|x86 = Release|x86
	EndGlobalSection
	GlobalSection(ProjectConfigurationPlatforms) = postSolution
		{9D48DFC9-1058-4EAD-AB38-390C57397D5A}.Debug|Any CPU.ActiveCfg = Debug|x86
		{9D48DFC9-1058-4EAD-AB38-390C57397D5A}.Debug|Mixed Platforms.ActiveCfg = Debug|x86
		{9D48DFC9-1058-4EAD-AB38-390C57397D5A}.Debug|x86.ActiveCfg = Debug|x86
		{9D48DFC9-1058-4EAD-AB38-390C57397D5A}.Debug|x86.Build.0 = Debug|x86
		{9D48DFC9-1058-4EAD-AB38-390C57397D5A}.Release|Any CPU.ActiveCfg = Release|x86
		{9D48DFC9-1058-4EAD-AB38-390C57397D5A}.Release|Mixed Platforms.ActiveCfg = Release|x86
		{9D48DFC9-1058-4EAD-AB38-390C57397D5A}.Release|x86.ActiveCfg = Release|x86
		{9D48DFC9-1058-4EAD-AB38-390C57397D5A}.Release|x86.Build.0 = Release|x86
		{DCC2F998-731B-4876-866E-4A284F689F36}.Debug|Any CPU.ActiveCfg = Debug|x86
		{DCC2F998-731B-4876-866E-4A284F689F36}.Debug|Mixed Platforms.ActiveCfg = Debug|x86
		{DCC2F998-731B-4876-866E-4A284F689F36}.Debug|x86.ActiveCfg = Debug|x86
		{DCC2F998-731B-4876-866E-4A284F689F36}.Debug|x86.Build.0 = Debug|x86
		{DCC2F998-731B-4876-866E-4A284F689F36}.Release|Any CPU.ActiveCfg = Release|x86
		{DCC2F998-731B-4876-866E-4A284F689F36}.Release|Mixed Platforms.ActiveCfg = Release|x86
		{DCC2F998-731B-4876-866E-4A284F689F36}.Release|x86.ActiveCfg = Release|x86
		{DCC2F998-731B-4876-866E-4A284F689F36}.Release|x86.Build.0 = Release|x86
		{93817E02-CE49-4C36-9692-09A0C8508640}.Debug|Any CPU.ActiveCfg = Debug|x86
		{93817E02-CE49-4C36-9692-09A0C8508640}.Debug|Mixed Platforms.ActiveCfg = Debug|x86
		{93817E02-CE49-4C36-9692-09A0C8508640}.Debug|x86.ActiveCfg = Debug|x86
		{93817E02-CE49-4C36-9692-09A0C8508640}.Debug|x86.Build.0 = Debug|x86
		{93817E02-CE49-4C36-9692-09A0C8508640}.Release|Any CPU.ActiveCfg = Release|x86
		{93817E02-CE49-4C36-9692-09A0C8508640}.Release|Mixed Platforms.ActiveCfg = Release|x86
		{93817E02-CE49-4C36-9692-09A0C8508640}.Release|x86.ActiveCfg = Release|x86
		{93817E02-CE49-4C36-9692-09A0C8508640}.Release|x86.Build.0 = Release|x86
		{E6913DCE-DB43-468D-9B41-201477E27CA2}.Debug|Any CPU.ActiveCfg = Debug|x86
		{E6913DCE-DB43-468D-9B41-201477E27CA2}.Debug|Mixed Platforms.ActiveCfg = Debug|x86
		{E6913DCE-DB43-468D-9B41-201477E27CA2}.Debug|x86.ActiveCfg = Debug|x86
		{E6913DCE-DB43-468D-9B41-201477E27CA2}.Debug|x86.Build.0 = Debug|x86
		{E6913DCE-DB43-468D-9B41-201477E27CA2}.Release|Any CPU.ActiveCfg = Release|x86
		{E6913DCE-DB43-468D-9B41-201477E27CA2}.Release|Mixed Platforms.ActiveCfg = Release|x86
		{E6913DCE-DB43-468D-9B41-201477E27CA2}.Release|x86.ActiveCfg = Release|x86
		{E6913DCE-DB43-468D-9B41-201477E27CA2}.Release|x86.Build.0 = Release|x86
		{224D1FD9-6AEB-4A5C-A5FE-D21E99121EBA}.Debug|Any CPU.ActiveCfg = Debug|x86
		{224D1FD9-6AEB-4A5C-A5FE-D21E99121EBA}.Debug|Mixed Platforms.ActiveCfg = Debug|x86
		{224D1FD9-6AEB-4A5C-A5FE-D21E99121EBA}.Debug|x86.ActiveCfg = Debug|x86
		{224D1FD9-6AEB-4A5C-A5FE-D21E99121EBA}.Debug|x86.Build.0 = Debug|x86
		{224D1FD9-6AEB-4A5C-A5FE-D21E99121EBA}.Release|Any CPU.ActiveCfg = Release|x86
		{224D1FD9-6AEB-4A5C-A5FE-D21E99121EBA}.Release|Mixed Platforms.ActiveCfg = Release|x86
		{224D1FD9-6AEB-4A5C-A5FE-D21E99121EBA}.Release|x86.ActiveCfg = Release|x86
		{224D1FD9-6AEB-4A5C-A5FE-D21E99121EBA}.Release|x86.Build.0 = Release|x86
		{839F4B86-E6C5-411C-9CB3-97F0BB07B0B4}.Debug|Any CPU.ActiveCfg = Debug|x86
		{839F4B86-E6C5-411C-9CB3-97F0BB07B0B4}.Debug|Mixed Platforms.ActiveCfg = Debug|x86
		{839F4B86-E6C5-411C-9CB3-97F0BB07B0B4}.Debug|x86.ActiveCfg = Debug|x86
		{839F4B86-E6C5-411C-9CB3-97F0BB07B0B4}.Debug|x86.Build.0 = Debug|x86
		{839F4B86-E6C5-411C-9CB3-97F0BB07B0B4}.Release|Any CPU.ActiveCfg = Release|x86
		{839F4B86-E6C5-411C-9CB3-97F0BB07B0B4}.Release|Mixed Platforms.ActiveCfg = Release|x86
		{839F4B86-E6C5-411C-9CB3-97F0BB07B0B4}.Release|x86.ActiveCfg = Release|x86
		{839F4B86-E6C5-411C-9CB3-97F0BB07B0B4}.Release|x86.Build.0 = Release|x86
		{4AC2D54A-7768-48BF-AE2B-F316A4912B0D}.Debug|Any CPU.ActiveCfg = Debug|x86
		{4AC2D54A-7768-48BF-AE2B-F316A4912B0D}.Debug|Mixed Platforms.ActiveCfg = Debug|x86
		{4AC2D54A-7768-48BF-AE2B-F316A4912B0D}.Debug|x86.ActiveCfg = Debug|x86
		{4AC2D54A-7768-48BF-AE2B-F316A4912B0D}.Debug|x86.Build.0 = Debug|x86
		{4AC2D54A-7768-48BF-AE2B-F316A4912B0D}.Release|Any CPU.ActiveCfg = Release|x86
		{4AC2D54A-7768-48BF-AE2B-F316A4912B0D}.Release|Mixed Platforms.ActiveCfg = Release|x86
		{4AC2D54A-7768-48BF-AE2B-F316A4912B0D}.Release|x86.ActiveCfg = Release|x86
		{4AC2D54A-7768-48BF-AE2B-F316A4912B0D}.Release|x86.Build.0 = Release|x86
		{B42406BA-9F7B-4268-90C0-E2E0D20F6F74}.Debug|Any CPU.ActiveCfg = Debug|x86
		{B42406BA-9F7B-4268-90C0-E2E0D20F6F74}.Debug|Mixed Platforms.ActiveCfg = Debug|x86
		{B42406BA-9F7B-4268-90C0-E2E0D20F6F74}.Debug|x86.ActiveCfg = Debug|x86
		{B42406BA-9F7B-4268-90C0-E2E0D20F6F74}.Debug|x86.Build.0 = Debug|x86
		{B42406BA-9F7B-4268-90C0-E2E0D20F6F74}.Release|Any CPU.ActiveCfg = Release|x86
		{B42406BA-9F7B-4268-90C0-E2E0D20F6F74}.Release|Mixed Platforms.ActiveCfg = Release|x86
		{B42406BA-9F7B-4268-90C0-E2E0D20F6F74}.Release|x86.ActiveCfg = Release|x86
		{B42406BA-9F7B-4268-90C0-E2E0D20F6F74}.Release|x86.Build.0 = Release|x86
		{940513B9-2E26-414F-BE06-212F744175D7}.Debug|Any CPU.ActiveCfg = Debug|x86
		{940513B9-2E26-414F-BE06-212F744175D7}.Debug|Mixed Platforms.ActiveCfg = Debug|x86
		{940513B9-2E26-414F-BE06-212F744175D7}.Debug|x86.ActiveCfg = Debug|x86
		{940513B9-2E26-414F-BE06-212F744175D7}.Debug|x86.Build.0 = Debug|x86
		{940513B9-2E26-414F-BE06-212F744175D7}.Release|Any CPU.ActiveCfg = Release|x86
		{940513B9-2E26-414F-BE06-212F744175D7}.Release|Mixed Platforms.ActiveCfg = Release|x86
		{940513B9-2E26-414F-BE06-212F744175D7}.Release|x86.ActiveCfg = Release|x86
		{940513B9-2E26-414F-BE06-212F744175D7}.Release|x86.Build.0 = Release|x86
		{63C08D5B-92FA-4BD3-9B0A-F9896E577A9A}.Debug|Any CPU.ActiveCfg = Debug|x86
		{63C08D5B-92FA-4BD3-9B0A-F9896E577A9A}.Debug|Mixed Platforms.ActiveCfg = Debug|x86
		{63C08D5B-92FA-4BD3-9B0A-F9896E577A9A}.Debug|x86.ActiveCfg = Debug|x86
		{63C08D5B-92FA-4BD3-9B0A-F9896E577A9A}.Debug|x86.Build.0 = Debug|x86
		{63C08D5B-92FA-4BD3-9B0A-F9896E577A9A}.Release|Any CPU.ActiveCfg = Release|x86
		{63C08D5B-92FA-4BD3-9B0A-F9896E577A9A}.Release|Mixed Platforms.ActiveCfg = Release|x86
		{63C08D5B-92FA-4BD3-9B0A-F9896E577A9A}.Release|x86.ActiveCfg = Release|x86
		{63C08D5B-92FA-4BD3-9B0A-F9896E577A9A}.Release|x86.Build.0 = Release|x86
		{68303328-5BDE-4AE3-9A3E-9E5773F3957B}.Debug|Any CPU.ActiveCfg = Debug|x86
		{68303328-5BDE-4AE3-9A3E-9E5773F3957B}.Debug|Mixed Platforms.ActiveCfg = Debug|x86
		{68303328-5BDE-4AE3-9A3E-9E5773F3957B}.Debug|x86.ActiveCfg = Debug|x86
		{68303328-5BDE-4AE3-9A3E-9E5773F3957B}.Debug|x86.Build.0 = Debug|x86
		{68303328-5BDE-4AE3-9A3E-9E5773F3957B}.Release|Any CPU.ActiveCfg = Release|x86
		{68303328-5BDE-4AE3-9A3E-9E5773F3957B}.Release|Mixed Platforms.ActiveCfg = Release|x86
		{68303328-5BDE-4AE3-9A3E-9E5773F3957B}.Release|x86.ActiveCfg = Release|x86
		{68303328-5BDE-4AE3-9A3E-9E5773F3957B}.Release|x86.Build.0 = Release|x86
		{C5AD51D3-72B9-4212-9D06-FA9C52BE25B1}.Debug|Any CPU.ActiveCfg = Debug|x86
		{C5AD51D3-72B9-4212-9D06-FA9C52BE25B1}.Debug|Mixed Platforms.ActiveCfg = Debug|x86
		{C5AD51D3-72B9-4212-9D06-FA9C52BE25B1}.Debug|x86.ActiveCfg = Debug|x86
		{C5AD51D3-72B9-4212-9D06-FA9C52BE25B1}.Debug|x86.Build.0 = Debug|x86
		{C5AD51D3-72B9-4212-9D06-FA9C52BE25B1}.Release|Any CPU.ActiveCfg = Release|x86
		{C5AD51D3-72B9-4212-9D06-FA9C52BE25B1}.Release|Mixed Platforms.ActiveCfg = Release|x86
		{C5AD51D3-72B9-4212-9D06-FA9C52BE25B1}.Release|x86.ActiveCfg = Release|x86
		{C5AD51D3-72B9-4212-9D06-FA9C52BE25B1}.Release|x86.Build.0 = Release|x86
		{79995F3F-71D7-44F9-875F-C90A03282A24}.Debug|Any CPU.ActiveCfg = Debug|x86
		{79995F3F-71D7-44F9-875F-C90A03282A24}.Debug|Mixed Platforms.ActiveCfg = Debug|x86
		{79995F3F-71D7-44F9-875F-C90A03282A24}.Debug|x86.ActiveCfg = Debug|x86
		{79995F3F-71D7-44F9-875F-C90A03282A24}.Debug|x86.Build.0 = Debug|x86
		{79995F3F-71D7-44F9-875F-C90A03282A24}.Release|Any CPU.ActiveCfg = Release|x86
		{79995F3F-71D7-44F9-875F-C90A03282A24}.Release|Mixed Platforms.ActiveCfg = Release|x86
		{79995F3F-71D7-44F9-875F-C90A03282A24}.Release|x86.ActiveCfg = Release|x86
		{79995F3F-71D7-44F9-875F-C90A03282A24}.Release|x86.Build.0 = Release|x86
		{446AD014-29F1-4DEA-B87C-321C6E54F3A2}.Debug|Any CPU.ActiveCfg = Debug|x86
		{446AD014-29F1-4DEA-B87C-321C6E54F3A2}.Debug|Mixed Platforms.ActiveCfg = Debug|x86
		{446AD014-29F1-4DEA-B87C-321C6E54F3A2}.Debug|x86.ActiveCfg = Debug|x86
		{446AD014-29F1-4DEA-B87C-321C6E54F3A2}.Debug|x86.Build.0 = Debug|x86
		{446AD014-29F1-4DEA-B87C-321C6E54F3A2}.Release|Any CPU.ActiveCfg = Release|x86
		{446AD014-29F1-4DEA-B87C-321C6E54F3A2}.Release|Mixed Platforms.ActiveCfg = Release|x86
		{446AD014-29F1-4DEA-B87C-321C6E54F3A2}.Release|x86.ActiveCfg = Release|x86
		{446AD014-29F1-4DEA-B87C-321C6E54F3A2}.Release|x86.Build.0 = Release|x86
		{C0DCFDAD-FF8D-46E4-A6A6-45D5427EDBCA}.Debug|Any CPU.ActiveCfg = Debug|x86
		{C0DCFDAD-FF8D-46E4-A6A6-45D5427EDBCA}.Debug|Mixed Platforms.ActiveCfg = Debug|x86
		{C0DCFDAD-FF8D-46E4-A6A6-45D5427EDBCA}.Debug|x86.ActiveCfg = Debug|x86
		{C0DCFDAD-FF8D-46E4-A6A6-45D5427EDBCA}.Debug|x86.Build.0 = Debug|x86
		{C0DCFDAD-FF8D-46E4-A6A6-45D5427EDBCA}.Release|Any CPU.ActiveCfg = Release|x86
		{C0DCFDAD-FF8D-46E4-A6A6-45D5427EDBCA}.Release|Mixed Platforms.ActiveCfg = Release|x86
		{C0DCFDAD-FF8D-46E4-A6A6-45D5427EDBCA}.Release|x86.ActiveCfg = Release|x86
		{C0DCFDAD-FF8D-46E4-A6A6-45D5427EDBCA}.Release|x86.Build.0 = Release|x86
		{A873BBDD-CB90-46A2-B2FC-79F9BC895E21}.Debug|Any CPU.ActiveCfg = Debug|x86
		{A873BBDD-CB90-46A2-B2FC-79F9BC895E21}.Debug|Mixed Platforms.ActiveCfg = Debug|x86
		{A873BBDD-CB90-46A2-B2FC-79F9BC895E21}.Debug|x86.ActiveCfg = Debug|x86
		{A873BBDD-CB90-46A2-B2FC-79F9BC895E21}.Debug|x86.Build.0 = Debug|x86
		{A873BBDD-CB90-46A2-B2FC-79F9BC895E21}.Release|Any CPU.ActiveCfg = Release|x86
		{A873BBDD-CB90-46A2-B2FC-79F9BC895E21}.Release|Mixed Platforms.ActiveCfg = Release|x86
		{A873BBDD-CB90-46A2-B2FC-79F9BC895E21}.Release|x86.ActiveCfg = Release|x86
		{A873BBDD-CB90-46A2-B2FC-79F9BC895E21}.Release|x86.Build.0 = Release|x86
		{1F3467B3-3971-494D-8073-94A7FCEC97E7}.Debug|Any CPU.ActiveCfg = Debug|x86
		{1F3467B3-3971-494D-8073-94A7FCEC97E7}.Debug|Mixed Platforms.ActiveCfg = Debug|x86
		{1F3467B3-3971-494D-8073-94A7FCEC97E7}.Debug|x86.ActiveCfg = Debug|x86
		{1F3467B3-3971-494D-8073-94A7FCEC97E7}.Debug|x86.Build.0 = Debug|x86
		{1F3467B3-3971-494D-8073-94A7FCEC97E7}.Release|Any CPU.ActiveCfg = Release|x86
		{1F3467B3-3971-494D-8073-94A7FCEC97E7}.Release|Mixed Platforms.ActiveCfg = Release|x86
		{1F3467B3-3971-494D-8073-94A7FCEC97E7}.Release|x86.ActiveCfg = Release|x86
		{1F3467B3-3971-494D-8073-94A7FCEC97E7}.Release|x86.Build.0 = Release|x86
		{B882F9FC-6E69-4C86-BA7B-73A7F866D8ED}.Debug|Any CPU.ActiveCfg = Debug|x86
		{B882F9FC-6E69-4C86-BA7B-73A7F866D8ED}.Debug|Mixed Platforms.ActiveCfg = Debug|x86
		{B882F9FC-6E69-4C86-BA7B-73A7F866D8ED}.Debug|x86.ActiveCfg = Debug|x86
		{B882F9FC-6E69-4C86-BA7B-73A7F866D8ED}.Debug|x86.Build.0 = Debug|x86
		{B882F9FC-6E69-4C86-BA7B-73A7F866D8ED}.Release|Any CPU.ActiveCfg = Release|x86
		{B882F9FC-6E69-4C86-BA7B-73A7F866D8ED}.Release|Mixed Platforms.ActiveCfg = Release|x86
		{B882F9FC-6E69-4C86-BA7B-73A7F866D8ED}.Release|x86.ActiveCfg = Release|x86
		{B882F9FC-6E69-4C86-BA7B-73A7F866D8ED}.Release|x86.Build.0 = Release|x86
		{2AFF9E76-CAF9-44F7-A395-EEB904BC379D}.Debug|Any CPU.ActiveCfg = Debug|x86
		{2AFF9E76-CAF9-44F7-A395-EEB904BC379D}.Debug|Mixed Platforms.ActiveCfg = Debug|x86
		{2AFF9E76-CAF9-44F7-A395-EEB904BC379D}.Debug|x86.ActiveCfg = Debug|x86
		{2AFF9E76-CAF9-44F7-A395-EEB904BC379D}.Debug|x86.Build.0 = Debug|x86
		{2AFF9E76-CAF9-44F7-A395-EEB904BC379D}.Release|Any CPU.ActiveCfg = Release|x86
		{2AFF9E76-CAF9-44F7-A395-EEB904BC379D}.Release|Mixed Platforms.ActiveCfg = Release|x86
		{2AFF9E76-CAF9-44F7-A395-EEB904BC379D}.Release|x86.ActiveCfg = Release|x86
		{2AFF9E76-CAF9-44F7-A395-EEB904BC379D}.Release|x86.Build.0 = Release|x86
		{198EDFFB-7579-459C-B6BD-5349094874FF}.Debug|Any CPU.ActiveCfg = Debug|x86
		{198EDFFB-7579-459C-B6BD-5349094874FF}.Debug|Mixed Platforms.ActiveCfg = Debug|x86
		{198EDFFB-7579-459C-B6BD-5349094874FF}.Debug|x86.ActiveCfg = Debug|x86
		{198EDFFB-7579-459C-B6BD-5349094874FF}.Debug|x86.Build.0 = Debug|x86
		{198EDFFB-7579-459C-B6BD-5349094874FF}.Release|Any CPU.ActiveCfg = Release|x86
		{198EDFFB-7579-459C-B6BD-5349094874FF}.Release|Mixed Platforms.ActiveCfg = Release|x86
		{198EDFFB-7579-459C-B6BD-5349094874FF}.Release|x86.ActiveCfg = Release|x86
		{198EDFFB-7579-459C-B6BD-5349094874FF}.Release|x86.Build.0 = Release|x86
		{314B45D7-14C2-437D-940E-0C8F7A1A673A}.Debug|Any CPU.ActiveCfg = Debug|x86
		{314B45D7-14C2-437D-940E-0C8F7A1A673A}.Debug|Mixed Platforms.ActiveCfg = Debug|x86
		{314B45D7-14C2-437D-940E-0C8F7A1A673A}.Debug|x86.ActiveCfg = Debug|x86
		{314B45D7-14C2-437D-940E-0C8F7A1A673A}.Debug|x86.Build.0 = Debug|x86
		{314B45D7-14C2-437D-940E-0C8F7A1A673A}.Release|Any CPU.ActiveCfg = Release|x86
		{314B45D7-14C2-437D-940E-0C8F7A1A673A}.Release|Mixed Platforms.ActiveCfg = Release|x86
		{314B45D7-14C2-437D-940E-0C8F7A1A673A}.Release|x86.ActiveCfg = Release|x86
		{314B45D7-14C2-437D-940E-0C8F7A1A673A}.Release|x86.Build.0 = Release|x86
		{988B4A16-6373-4D41-899E-18E4CEF335C6}.Debug|Any CPU.ActiveCfg = Debug|x86
		{988B4A16-6373-4D41-899E-18E4CEF335C6}.Debug|Mixed Platforms.ActiveCfg = Debug|x86
		{988B4A16-6373-4D41-899E-18E4CEF335C6}.Debug|x86.ActiveCfg = Debug|x86
		{988B4A16-6373-4D41-899E-18E4CEF335C6}.Debug|x86.Build.0 = Debug|x86
		{988B4A16-6373-4D41-899E-18E4CEF335C6}.Release|Any CPU.ActiveCfg = Release|x86
		{988B4A16-6373-4D41-899E-18E4CEF335C6}.Release|Mixed Platforms.ActiveCfg = Release|x86
		{988B4A16-6373-4D41-899E-18E4CEF335C6}.Release|x86.ActiveCfg = Release|x86
		{988B4A16-6373-4D41-899E-18E4CEF335C6}.Release|x86.Build.0 = Release|x86
		{A4AB3E64-D504-4D9D-B48B-53742A779EF5}.Debug|Any CPU.ActiveCfg = Debug|x86
		{A4AB3E64-D504-4D9D-B48B-53742A779EF5}.Debug|Mixed Platforms.ActiveCfg = Debug|x86
		{A4AB3E64-D504-4D9D-B48B-53742A779EF5}.Debug|x86.ActiveCfg = Debug|x86
		{A4AB3E64-D504-4D9D-B48B-53742A779EF5}.Debug|x86.Build.0 = Debug|x86
		{A4AB3E64-D504-4D9D-B48B-53742A779EF5}.Release|Any CPU.ActiveCfg = Release|x86
		{A4AB3E64-D504-4D9D-B48B-53742A779EF5}.Release|Mixed Platforms.ActiveCfg = Release|x86
		{A4AB3E64-D504-4D9D-B48B-53742A779EF5}.Release|x86.ActiveCfg = Release|x86
		{A4AB3E64-D504-4D9D-B48B-53742A779EF5}.Release|x86.Build.0 = Release|x86
		{58B283F6-14DE-48D3-9E30-474DC2429E70}.Debug|Any CPU.ActiveCfg = Debug|x86
		{58B283F6-14DE-48D3-9E30-474DC2429E70}.Debug|Mixed Platforms.ActiveCfg = Debug|x86
		{58B283F6-14DE-48D3-9E30-474DC2429E70}.Debug|x86.ActiveCfg = Debug|x86
		{58B283F6-14DE-48D3-9E30-474DC2429E70}.Debug|x86.Build.0 = Debug|x86
		{58B283F6-14DE-48D3-9E30-474DC2429E70}.Release|Any CPU.ActiveCfg = Release|x86
		{58B283F6-14DE-48D3-9E30-474DC2429E70}.Release|Mixed Platforms.ActiveCfg = Release|x86
		{58B283F6-14DE-48D3-9E30-474DC2429E70}.Release|x86.ActiveCfg = Release|x86
		{58B283F6-14DE-48D3-9E30-474DC2429E70}.Release|x86.Build.0 = Release|x86
		{7B199AF6-DBD2-435D-A150-4421B789FF12}.Debug|Any CPU.ActiveCfg = Debug|x86
		{7B199AF6-DBD2-435D-A150-4421B789FF12}.Debug|Mixed Platforms.ActiveCfg = Debug|x86
		{7B199AF6-DBD2-435D-A150-4421B789FF12}.Debug|x86.ActiveCfg = Debug|x86
		{7B199AF6-DBD2-435D-A150-4421B789FF12}.Debug|x86.Build.0 = Debug|x86
		{7B199AF6-DBD2-435D-A150-4421B789FF12}.Release|Any CPU.ActiveCfg = Release|x86
		{7B199AF6-DBD2-435D-A150-4421B789FF12}.Release|Mixed Platforms.ActiveCfg = Release|x86
		{7B199AF6-DBD2-435D-A150-4421B789FF12}.Release|x86.ActiveCfg = Release|x86
		{7B199AF6-DBD2-435D-A150-4421B789FF12}.Release|x86.Build.0 = Release|x86
		{C0D14B37-F8D2-4357-8101-DFAEAE77939C}.Debug|Any CPU.ActiveCfg = Debug|x86
		{C0D14B37-F8D2-4357-8101-DFAEAE77939C}.Debug|Mixed Platforms.ActiveCfg = Debug|x86
		{C0D14B37-F8D2-4357-8101-DFAEAE77939C}.Debug|x86.ActiveCfg = Debug|x86
		{C0D14B37-F8D2-4357-8101-DFAEAE77939C}.Debug|x86.Build.0 = Debug|x86
		{C0D14B37-F8D2-4357-8101-DFAEAE77939C}.Release|Any CPU.ActiveCfg = Release|x86
		{C0D14B37-F8D2-4357-8101-DFAEAE77939C}.Release|Mixed Platforms.ActiveCfg = Release|x86
		{C0D14B37-F8D2-4357-8101-DFAEAE77939C}.Release|x86.ActiveCfg = Release|x86
		{C0D14B37-F8D2-4357-8101-DFAEAE77939C}.Release|x86.Build.0 = Release|x86
		{151EA229-BB7D-451D-9177-71083FB071C6}.Debug|Any CPU.ActiveCfg = Debug|x86
		{151EA229-BB7D-451D-9177-71083FB071C6}.Debug|Mixed Platforms.ActiveCfg = Debug|x86
		{151EA229-BB7D-451D-9177-71083FB071C6}.Debug|x86.ActiveCfg = Debug|x86
		{151EA229-BB7D-451D-9177-71083FB071C6}.Debug|x86.Build.0 = Debug|x86
		{151EA229-BB7D-451D-9177-71083FB071C6}.Release|Any CPU.ActiveCfg = Release|x86
		{151EA229-BB7D-451D-9177-71083FB071C6}.Release|Mixed Platforms.ActiveCfg = Release|x86
		{151EA229-BB7D-451D-9177-71083FB071C6}.Release|x86.ActiveCfg = Release|x86
		{151EA229-BB7D-451D-9177-71083FB071C6}.Release|x86.Build.0 = Release|x86
		{6D058193-6844-4494-AD51-BD08113899B2}.Debug|Any CPU.ActiveCfg = Debug|x86
		{6D058193-6844-4494-AD51-BD08113899B2}.Debug|Mixed Platforms.ActiveCfg = Debug|x86
		{6D058193-6844-4494-AD51-BD08113899B2}.Debug|x86.ActiveCfg = Debug|x86
		{6D058193-6844-4494-AD51-BD08113899B2}.Debug|x86.Build.0 = Debug|x86
		{6D058193-6844-4494-AD51-BD08113899B2}.Release|Any CPU.ActiveCfg = Release|x86
		{6D058193-6844-4494-AD51-BD08113899B2}.Release|Mixed Platforms.ActiveCfg = Release|x86
		{6D058193-6844-4494-AD51-BD08113899B2}.Release|x86.ActiveCfg = Release|x86
		{6D058193-6844-4494-AD51-BD08113899B2}.Release|x86.Build.0 = Release|x86
		{BAB4F5FB-63ED-4917-A680-35DCD47CA5AC}.Debug|Any CPU.ActiveCfg = Debug|x86
		{BAB4F5FB-63ED-4917-A680-35DCD47CA5AC}.Debug|Mixed Platforms.ActiveCfg = Debug|x86
		{BAB4F5FB-63ED-4917-A680-35DCD47CA5AC}.Debug|x86.ActiveCfg = Debug|x86
		{BAB4F5FB-63ED-4917-A680-35DCD47CA5AC}.Debug|x86.Build.0 = Debug|x86
		{BAB4F5FB-63ED-4917-A680-35DCD47CA5AC}.Release|Any CPU.ActiveCfg = Release|x86
		{BAB4F5FB-63ED-4917-A680-35DCD47CA5AC}.Release|Mixed Platforms.ActiveCfg = Release|x86
		{BAB4F5FB-63ED-4917-A680-35DCD47CA5AC}.Release|x86.ActiveCfg = Release|x86
		{BAB4F5FB-63ED-4917-A680-35DCD47CA5AC}.Release|x86.Build.0 = Release|x86
		{5582402A-E7E2-4358-AB6D-7790720A9951}.Debug|Any CPU.ActiveCfg = Debug|x86
		{5582402A-E7E2-4358-AB6D-7790720A9951}.Debug|Mixed Platforms.ActiveCfg = Debug|x86
		{5582402A-E7E2-4358-AB6D-7790720A9951}.Debug|x86.ActiveCfg = Debug|x86
		{5582402A-E7E2-4358-AB6D-7790720A9951}.Debug|x86.Build.0 = Debug|x86
		{5582402A-E7E2-4358-AB6D-7790720A9951}.Release|Any CPU.ActiveCfg = Release|x86
		{5582402A-E7E2-4358-AB6D-7790720A9951}.Release|Mixed Platforms.ActiveCfg = Release|x86
		{5582402A-E7E2-4358-AB6D-7790720A9951}.Release|x86.ActiveCfg = Release|x86
		{5582402A-E7E2-4358-AB6D-7790720A9951}.Release|x86.Build.0 = Release|x86
		{FCB50022-9026-4580-BAF1-2DCA82E12750}.Debug|Any CPU.ActiveCfg = Debug|x86
		{FCB50022-9026-4580-BAF1-2DCA82E12750}.Debug|Mixed Platforms.ActiveCfg = Debug|x86
		{FCB50022-9026-4580-BAF1-2DCA82E12750}.Debug|x86.ActiveCfg = Debug|x86
		{FCB50022-9026-4580-BAF1-2DCA82E12750}.Debug|x86.Build.0 = Debug|x86
		{FCB50022-9026-4580-BAF1-2DCA82E12750}.Release|Any CPU.ActiveCfg = Release|x86
		{FCB50022-9026-4580-BAF1-2DCA82E12750}.Release|Mixed Platforms.ActiveCfg = Release|x86
		{FCB50022-9026-4580-BAF1-2DCA82E12750}.Release|x86.ActiveCfg = Release|x86
		{FCB50022-9026-4580-BAF1-2DCA82E12750}.Release|x86.Build.0 = Release|x86
		{9CC5DDF3-D3FE-4B58-9E57-26DCF4B0013B}.Debug|Any CPU.ActiveCfg = Debug|x86
		{9CC5DDF3-D3FE-4B58-9E57-26DCF4B0013B}.Debug|Mixed Platforms.ActiveCfg = Debug|x86
		{9CC5DDF3-D3FE-4B58-9E57-26DCF4B0013B}.Debug|x86.ActiveCfg = Debug|x86
		{9CC5DDF3-D3FE-4B58-9E57-26DCF4B0013B}.Debug|x86.Build.0 = Debug|x86
		{9CC5DDF3-D3FE-4B58-9E57-26DCF4B0013B}.Release|Any CPU.ActiveCfg = Release|x86
		{9CC5DDF3-D3FE-4B58-9E57-26DCF4B0013B}.Release|Mixed Platforms.ActiveCfg = Release|x86
		{9CC5DDF3-D3FE-4B58-9E57-26DCF4B0013B}.Release|x86.ActiveCfg = Release|x86
		{9CC5DDF3-D3FE-4B58-9E57-26DCF4B0013B}.Release|x86.Build.0 = Release|x86
		{A4A33341-3956-4C5C-BABF-35FB5D8F9220}.Debug|Any CPU.ActiveCfg = Debug|x86
		{A4A33341-3956-4C5C-BABF-35FB5D8F9220}.Debug|Mixed Platforms.ActiveCfg = Debug|x86
		{A4A33341-3956-4C5C-BABF-35FB5D8F9220}.Debug|x86.ActiveCfg = Debug|x86
		{A4A33341-3956-4C5C-BABF-35FB5D8F9220}.Debug|x86.Build.0 = Debug|x86
		{A4A33341-3956-4C5C-BABF-35FB5D8F9220}.Release|Any CPU.ActiveCfg = Release|x86
		{A4A33341-3956-4C5C-BABF-35FB5D8F9220}.Release|Mixed Platforms.ActiveCfg = Release|x86
		{A4A33341-3956-4C5C-BABF-35FB5D8F9220}.Release|x86.ActiveCfg = Release|x86
		{A4A33341-3956-4C5C-BABF-35FB5D8F9220}.Release|x86.Build.0 = Release|x86
		{E4C5B21D-84F0-4E1A-975A-7D24A75C55BA}.Debug|Any CPU.ActiveCfg = Debug|x86
		{E4C5B21D-84F0-4E1A-975A-7D24A75C55BA}.Debug|Mixed Platforms.ActiveCfg = Debug|x86
		{E4C5B21D-84F0-4E1A-975A-7D24A75C55BA}.Debug|x86.ActiveCfg = Debug|x86
		{E4C5B21D-84F0-4E1A-975A-7D24A75C55BA}.Debug|x86.Build.0 = Debug|x86
		{E4C5B21D-84F0-4E1A-975A-7D24A75C55BA}.Release|Any CPU.ActiveCfg = Release|x86
		{E4C5B21D-84F0-4E1A-975A-7D24A75C55BA}.Release|Mixed Platforms.ActiveCfg = Release|x86
		{E4C5B21D-84F0-4E1A-975A-7D24A75C55BA}.Release|x86.ActiveCfg = Release|x86
		{E4C5B21D-84F0-4E1A-975A-7D24A75C55BA}.Release|x86.Build.0 = Release|x86
		{F889AEC3-50C6-4D49-94B9-5BE3A36A4B7D}.Debug|Any CPU.ActiveCfg = Debug|x86
		{F889AEC3-50C6-4D49-94B9-5BE3A36A4B7D}.Debug|Mixed Platforms.ActiveCfg = Debug|x86
		{F889AEC3-50C6-4D49-94B9-5BE3A36A4B7D}.Debug|x86.ActiveCfg = Debug|x86
		{F889AEC3-50C6-4D49-94B9-5BE3A36A4B7D}.Debug|x86.Build.0 = Debug|x86
		{F889AEC3-50C6-4D49-94B9-5BE3A36A4B7D}.Release|Any CPU.ActiveCfg = Release|x86
		{F889AEC3-50C6-4D49-94B9-5BE3A36A4B7D}.Release|Mixed Platforms.ActiveCfg = Release|x86
		{F889AEC3-50C6-4D49-94B9-5BE3A36A4B7D}.Release|x86.ActiveCfg = Release|x86
		{F889AEC3-50C6-4D49-94B9-5BE3A36A4B7D}.Release|x86.Build.0 = Release|x86
		{09283A33-EC06-43FF-99F1-3B088ACD42A6}.Debug|Any CPU.ActiveCfg = Debug|x86
		{09283A33-EC06-43FF-99F1-3B088ACD42A6}.Debug|Mixed Platforms.ActiveCfg = Debug|x86
		{09283A33-EC06-43FF-99F1-3B088ACD42A6}.Debug|x86.ActiveCfg = Debug|x86
		{09283A33-EC06-43FF-99F1-3B088ACD42A6}.Debug|x86.Build.0 = Debug|x86
		{09283A33-EC06-43FF-99F1-3B088ACD42A6}.Release|Any CPU.ActiveCfg = Release|x86
		{09283A33-EC06-43FF-99F1-3B088ACD42A6}.Release|Mixed Platforms.ActiveCfg = Release|x86
		{09283A33-EC06-43FF-99F1-3B088ACD42A6}.Release|x86.ActiveCfg = Release|x86
		{09283A33-EC06-43FF-99F1-3B088ACD42A6}.Release|x86.Build.0 = Release|x86
		{F117BD7C-B9A0-4A3E-A76C-74CBA3B401B8}.Debug|Any CPU.ActiveCfg = Debug|x86
		{F117BD7C-B9A0-4A3E-A76C-74CBA3B401B8}.Debug|Mixed Platforms.ActiveCfg = Debug|x86
		{F117BD7C-B9A0-4A3E-A76C-74CBA3B401B8}.Debug|x86.ActiveCfg = Debug|x86
		{F117BD7C-B9A0-4A3E-A76C-74CBA3B401B8}.Debug|x86.Build.0 = Debug|x86
		{F117BD7C-B9A0-4A3E-A76C-74CBA3B401B8}.Release|Any CPU.ActiveCfg = Release|x86
		{F117BD7C-B9A0-4A3E-A76C-74CBA3B401B8}.Release|Mixed Platforms.ActiveCfg = Release|x86
		{F117BD7C-B9A0-4A3E-A76C-74CBA3B401B8}.Release|x86.ActiveCfg = Release|x86
		{F117BD7C-B9A0-4A3E-A76C-74CBA3B401B8}.Release|x86.Build.0 = Release|x86
		{42DE3A06-81B6-43AF-9E5A-79DC1BE77739}.Debug|Any CPU.ActiveCfg = Debug|x86
		{42DE3A06-81B6-43AF-9E5A-79DC1BE77739}.Debug|Mixed Platforms.ActiveCfg = Debug|x86
		{42DE3A06-81B6-43AF-9E5A-79DC1BE77739}.Debug|x86.ActiveCfg = Debug|x86
		{42DE3A06-81B6-43AF-9E5A-79DC1BE77739}.Debug|x86.Build.0 = Debug|x86
		{42DE3A06-81B6-43AF-9E5A-79DC1BE77739}.Release|Any CPU.ActiveCfg = Release|x86
		{42DE3A06-81B6-43AF-9E5A-79DC1BE77739}.Release|Mixed Platforms.ActiveCfg = Release|x86
		{42DE3A06-81B6-43AF-9E5A-79DC1BE77739}.Release|x86.ActiveCfg = Release|x86
		{42DE3A06-81B6-43AF-9E5A-79DC1BE77739}.Release|x86.Build.0 = Release|x86
		{5D524B12-68C3-463C-B833-30AA6A84A2B8}.Debug|Any CPU.ActiveCfg = Debug|x86
		{5D524B12-68C3-463C-B833-30AA6A84A2B8}.Debug|Mixed Platforms.ActiveCfg = Debug|x86
		{5D524B12-68C3-463C-B833-30AA6A84A2B8}.Debug|x86.ActiveCfg = Debug|x86
		{5D524B12-68C3-463C-B833-30AA6A84A2B8}.Debug|x86.Build.0 = Debug|x86
		{5D524B12-68C3-463C-B833-30AA6A84A2B8}.Release|Any CPU.ActiveCfg = Release|x86
		{5D524B12-68C3-463C-B833-30AA6A84A2B8}.Release|Mixed Platforms.ActiveCfg = Release|x86
		{5D524B12-68C3-463C-B833-30AA6A84A2B8}.Release|x86.ActiveCfg = Release|x86
		{5D524B12-68C3-463C-B833-30AA6A84A2B8}.Release|x86.Build.0 = Release|x86
		{487F4F4B-0B10-4AA4-8234-464F3B852644}.Debug|Any CPU.ActiveCfg = Debug|x86
		{487F4F4B-0B10-4AA4-8234-464F3B852644}.Debug|Mixed Platforms.ActiveCfg = Debug|x86
		{487F4F4B-0B10-4AA4-8234-464F3B852644}.Debug|x86.ActiveCfg = Debug|x86
		{487F4F4B-0B10-4AA4-8234-464F3B852644}.Debug|x86.Build.0 = Debug|x86
		{487F4F4B-0B10-4AA4-8234-464F3B852644}.Release|Any CPU.ActiveCfg = Release|x86
		{487F4F4B-0B10-4AA4-8234-464F3B852644}.Release|Mixed Platforms.ActiveCfg = Release|x86
		{487F4F4B-0B10-4AA4-8234-464F3B852644}.Release|x86.ActiveCfg = Release|x86
		{487F4F4B-0B10-4AA4-8234-464F3B852644}.Release|x86.Build.0 = Release|x86
		{478E1BD0-8473-45CC-98F4-4903CFB204C9}.Debug|Any CPU.ActiveCfg = Debug|x86
		{478E1BD0-8473-45CC-98F4-4903CFB204C9}.Debug|Mixed Platforms.ActiveCfg = Debug|x86
		{478E1BD0-8473-45CC-98F4-4903CFB204C9}.Debug|x86.ActiveCfg = Debug|x86
		{478E1BD0-8473-45CC-98F4-4903CFB204C9}.Debug|x86.Build.0 = Debug|x86
		{478E1BD0-8473-45CC-98F4-4903CFB204C9}.Release|Any CPU.ActiveCfg = Release|x86
		{478E1BD0-8473-45CC-98F4-4903CFB204C9}.Release|Mixed Platforms.ActiveCfg = Release|x86
		{478E1BD0-8473-45CC-98F4-4903CFB204C9}.Release|x86.ActiveCfg = Release|x86
		{478E1BD0-8473-45CC-98F4-4903CFB204C9}.Release|x86.Build.0 = Release|x86
		{6E5F7382-7C26-4631-93E1-F865422E8FC1}.Debug|Any CPU.ActiveCfg = Debug|x86
		{6E5F7382-7C26-4631-93E1-F865422E8FC1}.Debug|Mixed Platforms.ActiveCfg = Debug|x86
		{6E5F7382-7C26-4631-93E1-F865422E8FC1}.Debug|x86.ActiveCfg = Debug|x86
		{6E5F7382-7C26-4631-93E1-F865422E8FC1}.Debug|x86.Build.0 = Debug|x86
		{6E5F7382-7C26-4631-93E1-F865422E8FC1}.Release|Any CPU.ActiveCfg = Release|x86
		{6E5F7382-7C26-4631-93E1-F865422E8FC1}.Release|Mixed Platforms.ActiveCfg = Release|x86
		{6E5F7382-7C26-4631-93E1-F865422E8FC1}.Release|x86.ActiveCfg = Release|x86
		{6E5F7382-7C26-4631-93E1-F865422E8FC1}.Release|x86.Build.0 = Release|x86
		{8996D15E-8CAE-43CB-9078-D89EC71AFE1C}.Debug|Any CPU.ActiveCfg = Debug|x86
		{8996D15E-8CAE-43CB-9078-D89EC71AFE1C}.Debug|Mixed Platforms.ActiveCfg = Debug|x86
		{8996D15E-8CAE-43CB-9078-D89EC71AFE1C}.Debug|x86.ActiveCfg = Debug|x86
		{8996D15E-8CAE-43CB-9078-D89EC71AFE1C}.Debug|x86.Build.0 = Debug|x86
		{8996D15E-8CAE-43CB-9078-D89EC71AFE1C}.Release|Any CPU.ActiveCfg = Release|x86
		{8996D15E-8CAE-43CB-9078-D89EC71AFE1C}.Release|Mixed Platforms.ActiveCfg = Release|x86
		{8996D15E-8CAE-43CB-9078-D89EC71AFE1C}.Release|x86.ActiveCfg = Release|x86
		{8996D15E-8CAE-43CB-9078-D89EC71AFE1C}.Release|x86.Build.0 = Release|x86
		{74FED3F9-C0A0-4BAE-BA17-A100F00CD77C}.Debug|Any CPU.ActiveCfg = Debug|x86
		{74FED3F9-C0A0-4BAE-BA17-A100F00CD77C}.Debug|Mixed Platforms.ActiveCfg = Debug|x86
		{74FED3F9-C0A0-4BAE-BA17-A100F00CD77C}.Debug|x86.ActiveCfg = Debug|x86
		{74FED3F9-C0A0-4BAE-BA17-A100F00CD77C}.Debug|x86.Build.0 = Debug|x86
		{74FED3F9-C0A0-4BAE-BA17-A100F00CD77C}.Release|Any CPU.ActiveCfg = Release|x86
		{74FED3F9-C0A0-4BAE-BA17-A100F00CD77C}.Release|Mixed Platforms.ActiveCfg = Release|x86
		{74FED3F9-C0A0-4BAE-BA17-A100F00CD77C}.Release|x86.ActiveCfg = Release|x86
		{74FED3F9-C0A0-4BAE-BA17-A100F00CD77C}.Release|x86.Build.0 = Release|x86
		{F7B2CFF7-241B-409C-A3FD-BCBDC578DDBA}.Debug|Any CPU.ActiveCfg = Debug|x86
		{F7B2CFF7-241B-409C-A3FD-BCBDC578DDBA}.Debug|Mixed Platforms.ActiveCfg = Debug|x86
		{F7B2CFF7-241B-409C-A3FD-BCBDC578DDBA}.Debug|x86.ActiveCfg = Debug|x86
		{F7B2CFF7-241B-409C-A3FD-BCBDC578DDBA}.Debug|x86.Build.0 = Debug|x86
		{F7B2CFF7-241B-409C-A3FD-BCBDC578DDBA}.Release|Any CPU.ActiveCfg = Release|x86
		{F7B2CFF7-241B-409C-A3FD-BCBDC578DDBA}.Release|Mixed Platforms.ActiveCfg = Release|x86
		{F7B2CFF7-241B-409C-A3FD-BCBDC578DDBA}.Release|x86.ActiveCfg = Release|x86
		{F7B2CFF7-241B-409C-A3FD-BCBDC578DDBA}.Release|x86.Build.0 = Release|x86
		{FD947682-2416-41FF-AD12-CA28B380E11B}.Debug|Any CPU.ActiveCfg = Debug|x86
		{FD947682-2416-41FF-AD12-CA28B380E11B}.Debug|Mixed Platforms.ActiveCfg = Debug|x86
		{FD947682-2416-41FF-AD12-CA28B380E11B}.Debug|x86.ActiveCfg = Debug|x86
		{FD947682-2416-41FF-AD12-CA28B380E11B}.Debug|x86.Build.0 = Debug|x86
		{FD947682-2416-41FF-AD12-CA28B380E11B}.Release|Any CPU.ActiveCfg = Release|x86
		{FD947682-2416-41FF-AD12-CA28B380E11B}.Release|Mixed Platforms.ActiveCfg = Release|x86
		{FD947682-2416-41FF-AD12-CA28B380E11B}.Release|x86.ActiveCfg = Release|x86
		{FD947682-2416-41FF-AD12-CA28B380E11B}.Release|x86.Build.0 = Release|x86
		{A36F4355-5B35-4936-A373-521D832E4D57}.Debug|Any CPU.ActiveCfg = Debug|x86
		{A36F4355-5B35-4936-A373-521D832E4D57}.Debug|Mixed Platforms.ActiveCfg = Debug|x86
		{A36F4355-5B35-4936-A373-521D832E4D57}.Debug|x86.ActiveCfg = Debug|x86
		{A36F4355-5B35-4936-A373-521D832E4D57}.Debug|x86.Build.0 = Debug|x86
		{A36F4355-5B35-4936-A373-521D832E4D57}.Release|Any CPU.ActiveCfg = Release|x86
		{A36F4355-5B35-4936-A373-521D832E4D57}.Release|Mixed Platforms.ActiveCfg = Release|x86
		{A36F4355-5B35-4936-A373-521D832E4D57}.Release|x86.ActiveCfg = Release|x86
		{A36F4355-5B35-4936-A373-521D832E4D57}.Release|x86.Build.0 = Release|x86
		{7F27AA1C-EFAF-47E8-B7DC-50217814DC41}.Debug|Any CPU.ActiveCfg = Debug|Any CPU
		{7F27AA1C-EFAF-47E8-B7DC-50217814DC41}.Debug|Any CPU.Build.0 = Debug|Any CPU
		{7F27AA1C-EFAF-47E8-B7DC-50217814DC41}.Debug|Mixed Platforms.ActiveCfg = Debug|x86
		{7F27AA1C-EFAF-47E8-B7DC-50217814DC41}.Debug|x86.ActiveCfg = Debug|x86
		{7F27AA1C-EFAF-47E8-B7DC-50217814DC41}.Debug|x86.Build.0 = Debug|x86
		{7F27AA1C-EFAF-47E8-B7DC-50217814DC41}.Release|Any CPU.ActiveCfg = Release|Any CPU
		{7F27AA1C-EFAF-47E8-B7DC-50217814DC41}.Release|Any CPU.Build.0 = Release|Any CPU
		{7F27AA1C-EFAF-47E8-B7DC-50217814DC41}.Release|Mixed Platforms.ActiveCfg = Release|x86
		{7F27AA1C-EFAF-47E8-B7DC-50217814DC41}.Release|x86.ActiveCfg = Release|x86
		{7F27AA1C-EFAF-47E8-B7DC-50217814DC41}.Release|x86.Build.0 = Release|x86
		{FBA217C2-99D0-41E0-8B93-09CADA6A44A0}.Debug|Any CPU.ActiveCfg = Debug|x86
		{FBA217C2-99D0-41E0-8B93-09CADA6A44A0}.Debug|Mixed Platforms.ActiveCfg = Debug|x86
		{FBA217C2-99D0-41E0-8B93-09CADA6A44A0}.Debug|x86.ActiveCfg = Debug|x86
		{FBA217C2-99D0-41E0-8B93-09CADA6A44A0}.Debug|x86.Build.0 = Debug|x86
		{FBA217C2-99D0-41E0-8B93-09CADA6A44A0}.Release|Any CPU.ActiveCfg = Release|x86
		{FBA217C2-99D0-41E0-8B93-09CADA6A44A0}.Release|Mixed Platforms.ActiveCfg = Release|x86
		{FBA217C2-99D0-41E0-8B93-09CADA6A44A0}.Release|x86.ActiveCfg = Release|x86
		{FBA217C2-99D0-41E0-8B93-09CADA6A44A0}.Release|x86.Build.0 = Release|x86
		{16865524-F5DA-4F5B-A902-2878E3E6B51D}.Debug|Any CPU.ActiveCfg = Debug|x86
		{16865524-F5DA-4F5B-A902-2878E3E6B51D}.Debug|Mixed Platforms.ActiveCfg = Debug|x86
		{16865524-F5DA-4F5B-A902-2878E3E6B51D}.Debug|x86.ActiveCfg = Debug|x86
		{16865524-F5DA-4F5B-A902-2878E3E6B51D}.Debug|x86.Build.0 = Debug|x86
		{16865524-F5DA-4F5B-A902-2878E3E6B51D}.Release|Any CPU.ActiveCfg = Release|x86
		{16865524-F5DA-4F5B-A902-2878E3E6B51D}.Release|Mixed Platforms.ActiveCfg = Release|x86
		{16865524-F5DA-4F5B-A902-2878E3E6B51D}.Release|x86.ActiveCfg = Release|x86
		{16865524-F5DA-4F5B-A902-2878E3E6B51D}.Release|x86.Build.0 = Release|x86
		{C7607579-01EF-4E45-8880-D2A719DBAB4B}.Debug|Any CPU.ActiveCfg = Debug|x86
		{C7607579-01EF-4E45-8880-D2A719DBAB4B}.Debug|Mixed Platforms.ActiveCfg = Debug|x86
		{C7607579-01EF-4E45-8880-D2A719DBAB4B}.Debug|Mixed Platforms.Build.0 = Debug|x86
		{C7607579-01EF-4E45-8880-D2A719DBAB4B}.Debug|x86.ActiveCfg = Debug|x86
		{C7607579-01EF-4E45-8880-D2A719DBAB4B}.Debug|x86.Build.0 = Debug|x86
		{C7607579-01EF-4E45-8880-D2A719DBAB4B}.Release|Any CPU.ActiveCfg = Release|x86
		{C7607579-01EF-4E45-8880-D2A719DBAB4B}.Release|Mixed Platforms.ActiveCfg = Release|x86
		{C7607579-01EF-4E45-8880-D2A719DBAB4B}.Release|Mixed Platforms.Build.0 = Release|x86
		{C7607579-01EF-4E45-8880-D2A719DBAB4B}.Release|x86.ActiveCfg = Release|x86
		{C7607579-01EF-4E45-8880-D2A719DBAB4B}.Release|x86.Build.0 = Release|x86
		{F18A9054-78DE-4325-B04D-B76D44ED28D8}.Debug|Any CPU.ActiveCfg = Debug|Any CPU
		{F18A9054-78DE-4325-B04D-B76D44ED28D8}.Debug|Any CPU.Build.0 = Debug|Any CPU
		{F18A9054-78DE-4325-B04D-B76D44ED28D8}.Debug|Mixed Platforms.ActiveCfg = Debug|Any CPU
		{F18A9054-78DE-4325-B04D-B76D44ED28D8}.Debug|Mixed Platforms.Build.0 = Debug|Any CPU
		{F18A9054-78DE-4325-B04D-B76D44ED28D8}.Debug|x86.ActiveCfg = Debug|Any CPU
		{F18A9054-78DE-4325-B04D-B76D44ED28D8}.Release|Any CPU.ActiveCfg = Release|Any CPU
		{F18A9054-78DE-4325-B04D-B76D44ED28D8}.Release|Any CPU.Build.0 = Release|Any CPU
		{F18A9054-78DE-4325-B04D-B76D44ED28D8}.Release|Mixed Platforms.ActiveCfg = Release|Any CPU
		{F18A9054-78DE-4325-B04D-B76D44ED28D8}.Release|Mixed Platforms.Build.0 = Release|Any CPU
		{F18A9054-78DE-4325-B04D-B76D44ED28D8}.Release|x86.ActiveCfg = Release|Any CPU
		{604707FC-60EE-4625-B4E0-1DC62D2D5DC3}.Debug|Any CPU.ActiveCfg = Debug|Any CPU
		{604707FC-60EE-4625-B4E0-1DC62D2D5DC3}.Debug|Any CPU.Build.0 = Debug|Any CPU
		{604707FC-60EE-4625-B4E0-1DC62D2D5DC3}.Debug|Mixed Platforms.ActiveCfg = Debug|Any CPU
		{604707FC-60EE-4625-B4E0-1DC62D2D5DC3}.Debug|Mixed Platforms.Build.0 = Debug|Any CPU
		{604707FC-60EE-4625-B4E0-1DC62D2D5DC3}.Debug|x86.ActiveCfg = Debug|Any CPU
		{604707FC-60EE-4625-B4E0-1DC62D2D5DC3}.Release|Any CPU.ActiveCfg = Release|Any CPU
		{604707FC-60EE-4625-B4E0-1DC62D2D5DC3}.Release|Any CPU.Build.0 = Release|Any CPU
		{604707FC-60EE-4625-B4E0-1DC62D2D5DC3}.Release|Mixed Platforms.ActiveCfg = Release|Any CPU
		{604707FC-60EE-4625-B4E0-1DC62D2D5DC3}.Release|Mixed Platforms.Build.0 = Release|Any CPU
		{604707FC-60EE-4625-B4E0-1DC62D2D5DC3}.Release|x86.ActiveCfg = Release|Any CPU
		{85746CE3-636E-488E-B409-4A00E7D124F9}.Debug|Any CPU.ActiveCfg = Debug|Any CPU
		{85746CE3-636E-488E-B409-4A00E7D124F9}.Debug|Any CPU.Build.0 = Debug|Any CPU
		{85746CE3-636E-488E-B409-4A00E7D124F9}.Debug|Mixed Platforms.ActiveCfg = Debug|Any CPU
		{85746CE3-636E-488E-B409-4A00E7D124F9}.Debug|Mixed Platforms.Build.0 = Debug|Any CPU
		{85746CE3-636E-488E-B409-4A00E7D124F9}.Debug|x86.ActiveCfg = Debug|Any CPU
		{85746CE3-636E-488E-B409-4A00E7D124F9}.Release|Any CPU.ActiveCfg = Release|Any CPU
		{85746CE3-636E-488E-B409-4A00E7D124F9}.Release|Any CPU.Build.0 = Release|Any CPU
		{85746CE3-636E-488E-B409-4A00E7D124F9}.Release|Mixed Platforms.ActiveCfg = Release|Any CPU
		{85746CE3-636E-488E-B409-4A00E7D124F9}.Release|Mixed Platforms.Build.0 = Release|Any CPU
		{85746CE3-636E-488E-B409-4A00E7D124F9}.Release|x86.ActiveCfg = Release|Any CPU
		{EE51DA64-05AE-4D41-9622-421BFE992DB8}.Debug|Any CPU.ActiveCfg = Debug|Any CPU
		{EE51DA64-05AE-4D41-9622-421BFE992DB8}.Debug|Any CPU.Build.0 = Debug|Any CPU
		{EE51DA64-05AE-4D41-9622-421BFE992DB8}.Debug|Mixed Platforms.ActiveCfg = Debug|Any CPU
		{EE51DA64-05AE-4D41-9622-421BFE992DB8}.Debug|Mixed Platforms.Build.0 = Debug|Any CPU
		{EE51DA64-05AE-4D41-9622-421BFE992DB8}.Debug|x86.ActiveCfg = Debug|Any CPU
		{EE51DA64-05AE-4D41-9622-421BFE992DB8}.Release|Any CPU.ActiveCfg = Release|Any CPU
		{EE51DA64-05AE-4D41-9622-421BFE992DB8}.Release|Any CPU.Build.0 = Release|Any CPU
		{EE51DA64-05AE-4D41-9622-421BFE992DB8}.Release|Mixed Platforms.ActiveCfg = Release|Any CPU
		{EE51DA64-05AE-4D41-9622-421BFE992DB8}.Release|Mixed Platforms.Build.0 = Release|Any CPU
		{EE51DA64-05AE-4D41-9622-421BFE992DB8}.Release|x86.ActiveCfg = Release|Any CPU
		{D80FA8A4-5BAE-48C9-A64C-593C97A15903}.Debug|Any CPU.ActiveCfg = Debug|Any CPU
		{D80FA8A4-5BAE-48C9-A64C-593C97A15903}.Debug|Any CPU.Build.0 = Debug|Any CPU
		{D80FA8A4-5BAE-48C9-A64C-593C97A15903}.Debug|Mixed Platforms.ActiveCfg = Debug|Any CPU
		{D80FA8A4-5BAE-48C9-A64C-593C97A15903}.Debug|Mixed Platforms.Build.0 = Debug|Any CPU
		{D80FA8A4-5BAE-48C9-A64C-593C97A15903}.Debug|x86.ActiveCfg = Debug|Any CPU
		{D80FA8A4-5BAE-48C9-A64C-593C97A15903}.Release|Any CPU.ActiveCfg = Release|Any CPU
		{D80FA8A4-5BAE-48C9-A64C-593C97A15903}.Release|Any CPU.Build.0 = Release|Any CPU
		{D80FA8A4-5BAE-48C9-A64C-593C97A15903}.Release|Mixed Platforms.ActiveCfg = Release|Any CPU
		{D80FA8A4-5BAE-48C9-A64C-593C97A15903}.Release|Mixed Platforms.Build.0 = Release|Any CPU
		{D80FA8A4-5BAE-48C9-A64C-593C97A15903}.Release|x86.ActiveCfg = Release|Any CPU
	EndGlobalSection
	GlobalSection(SolutionProperties) = preSolution
		HideSolutionNode = FALSE
	EndGlobalSection
EndGlobal
