
Microsoft Visual Studio Solution File, Format Version 12.00
# Visual Studio Version 17
VisualStudioVersion = 17.12.35527.113
MinimumVisualStudioVersion = 10.0.40219.1
Project("{F2A71F9B-5D33-465A-A702-920D77279786}") = "Euler1", "Euler1\Euler1.fsproj", "{4A0BDE72-E249-441F-B631-7267B19C168F}"
EndProject
Project("{F2A71F9B-5D33-465A-A702-920D77279786}") = "Euler2", "Euler2\Euler2.fsproj", "{B1EF4757-7900-4EFC-998F-2065B247FA62}"
EndProject
Project("{F2A71F9B-5D33-465A-A702-920D77279786}") = "Euler3", "Euler3\Euler3.fsproj", "{3C6C31EF-1DD4-4D75-8302-603CF0391FC9}"
EndProject
Project("{F2A71F9B-5D33-465A-A702-920D77279786}") = "Euler4", "Euler4\Euler4.fsproj", "{5E29ED20-6EF2-403B-BD9E-FB6874FE4B0D}"
EndProject
Project("{F2A71F9B-5D33-465A-A702-920D77279786}") = "Euler5", "Euler5\Euler5.fsproj", "{48FF26C8-810A-4AEF-90AD-1540538EB79B}"
EndProject
Project("{F2A71F9B-5D33-465A-A702-920D77279786}") = "Euler6", "Euler6\Euler6.fsproj", "{7EC5D581-A81B-4A95-A7F5-3D11AEB8CF77}"
EndProject
Project("{F2A71F9B-5D33-465A-A702-920D77279786}") = "Euler7", "Euler7\Euler7.fsproj", "{D2EA80BB-CEF9-4434-8F9B-C1E7BA6D622E}"
EndProject
Project("{F2A71F9B-5D33-465A-A702-920D77279786}") = "Euler8", "Euler8\Euler8.fsproj", "{9D2554A6-9D20-4E58-8693-77162769F82D}"
EndProject
Project("{F2A71F9B-5D33-465A-A702-920D77279786}") = "Euler9", "Euler9\Euler9.fsproj", "{6B71D0A3-C369-4201-B75F-B24769C007E9}"
EndProject
Project("{F2A71F9B-5D33-465A-A702-920D77279786}") = "Euler10", "Euler10\Euler10.fsproj", "{EB1CED20-2D65-430B-A338-2B052A8F4C50}"
EndProject
Project("{F2A71F9B-5D33-465A-A702-920D77279786}") = "Euler11", "Euler11\Euler11.fsproj", "{63C08D5B-92FA-4BD3-9B0A-F9896E577A9A}"
EndProject
Project("{F2A71F9B-5D33-465A-A702-920D77279786}") = "Euler12", "Euler12\Euler12.fsproj", "{AE9A804F-8E48-4903-A1DD-5B2297FF7476}"
EndProject
Global
	GlobalSection(SolutionConfigurationPlatforms) = preSolution
		Debug|Any CPU = Debug|Any CPU
		Release|Any CPU = Release|Any CPU
	EndGlobalSection
	GlobalSection(ProjectConfigurationPlatforms) = postSolution
		{4A0BDE72-E249-441F-B631-7267B19C168F}.Debug|Any CPU.ActiveCfg = Debug|Any CPU
		{4A0BDE72-E249-441F-B631-7267B19C168F}.Debug|Any CPU.Build.0 = Debug|Any CPU
		{4A0BDE72-E249-441F-B631-7267B19C168F}.Release|Any CPU.ActiveCfg = Release|Any CPU
		{4A0BDE72-E249-441F-B631-7267B19C168F}.Release|Any CPU.Build.0 = Release|Any CPU
		{B1EF4757-7900-4EFC-998F-2065B247FA62}.Debug|Any CPU.ActiveCfg = Debug|Any CPU
		{B1EF4757-7900-4EFC-998F-2065B247FA62}.Debug|Any CPU.Build.0 = Debug|Any CPU
		{B1EF4757-7900-4EFC-998F-2065B247FA62}.Release|Any CPU.ActiveCfg = Release|Any CPU
		{B1EF4757-7900-4EFC-998F-2065B247FA62}.Release|Any CPU.Build.0 = Release|Any CPU
		{3C6C31EF-1DD4-4D75-8302-603CF0391FC9}.Debug|Any CPU.ActiveCfg = Debug|Any CPU
		{3C6C31EF-1DD4-4D75-8302-603CF0391FC9}.Debug|Any CPU.Build.0 = Debug|Any CPU
		{3C6C31EF-1DD4-4D75-8302-603CF0391FC9}.Release|Any CPU.ActiveCfg = Release|Any CPU
		{3C6C31EF-1DD4-4D75-8302-603CF0391FC9}.Release|Any CPU.Build.0 = Release|Any CPU
		{5E29ED20-6EF2-403B-BD9E-FB6874FE4B0D}.Debug|Any CPU.ActiveCfg = Debug|Any CPU
		{5E29ED20-6EF2-403B-BD9E-FB6874FE4B0D}.Debug|Any CPU.Build.0 = Debug|Any CPU
		{5E29ED20-6EF2-403B-BD9E-FB6874FE4B0D}.Release|Any CPU.ActiveCfg = Release|Any CPU
		{5E29ED20-6EF2-403B-BD9E-FB6874FE4B0D}.Release|Any CPU.Build.0 = Release|Any CPU
		{48FF26C8-810A-4AEF-90AD-1540538EB79B}.Debug|Any CPU.ActiveCfg = Debug|Any CPU
		{48FF26C8-810A-4AEF-90AD-1540538EB79B}.Debug|Any CPU.Build.0 = Debug|Any CPU
		{48FF26C8-810A-4AEF-90AD-1540538EB79B}.Release|Any CPU.ActiveCfg = Release|Any CPU
		{48FF26C8-810A-4AEF-90AD-1540538EB79B}.Release|Any CPU.Build.0 = Release|Any CPU
		{7EC5D581-A81B-4A95-A7F5-3D11AEB8CF77}.Debug|Any CPU.ActiveCfg = Debug|Any CPU
		{7EC5D581-A81B-4A95-A7F5-3D11AEB8CF77}.Debug|Any CPU.Build.0 = Debug|Any CPU
		{7EC5D581-A81B-4A95-A7F5-3D11AEB8CF77}.Release|Any CPU.ActiveCfg = Release|Any CPU
		{7EC5D581-A81B-4A95-A7F5-3D11AEB8CF77}.Release|Any CPU.Build.0 = Release|Any CPU
		{D2EA80BB-CEF9-4434-8F9B-C1E7BA6D622E}.Debug|Any CPU.ActiveCfg = Debug|Any CPU
		{D2EA80BB-CEF9-4434-8F9B-C1E7BA6D622E}.Debug|Any CPU.Build.0 = Debug|Any CPU
		{D2EA80BB-CEF9-4434-8F9B-C1E7BA6D622E}.Release|Any CPU.ActiveCfg = Release|Any CPU
		{D2EA80BB-CEF9-4434-8F9B-C1E7BA6D622E}.Release|Any CPU.Build.0 = Release|Any CPU
		{9D2554A6-9D20-4E58-8693-77162769F82D}.Debug|Any CPU.ActiveCfg = Debug|Any CPU
		{9D2554A6-9D20-4E58-8693-77162769F82D}.Debug|Any CPU.Build.0 = Debug|Any CPU
		{9D2554A6-9D20-4E58-8693-77162769F82D}.Release|Any CPU.ActiveCfg = Release|Any CPU
		{9D2554A6-9D20-4E58-8693-77162769F82D}.Release|Any CPU.Build.0 = Release|Any CPU
		{6B71D0A3-C369-4201-B75F-B24769C007E9}.Debug|Any CPU.ActiveCfg = Debug|Any CPU
		{6B71D0A3-C369-4201-B75F-B24769C007E9}.Debug|Any CPU.Build.0 = Debug|Any CPU
		{6B71D0A3-C369-4201-B75F-B24769C007E9}.Release|Any CPU.ActiveCfg = Release|Any CPU
		{6B71D0A3-C369-4201-B75F-B24769C007E9}.Release|Any CPU.Build.0 = Release|Any CPU
		{EB1CED20-2D65-430B-A338-2B052A8F4C50}.Debug|Any CPU.ActiveCfg = Debug|Any CPU
		{EB1CED20-2D65-430B-A338-2B052A8F4C50}.Debug|Any CPU.Build.0 = Debug|Any CPU
		{EB1CED20-2D65-430B-A338-2B052A8F4C50}.Release|Any CPU.ActiveCfg = Release|Any CPU
		{EB1CED20-2D65-430B-A338-2B052A8F4C50}.Release|Any CPU.Build.0 = Release|Any CPU
		{63C08D5B-92FA-4BD3-9B0A-F9896E577A9A}.Debug|Any CPU.ActiveCfg = Debug|Any CPU
		{63C08D5B-92FA-4BD3-9B0A-F9896E577A9A}.Release|Any CPU.ActiveCfg = Release|x86
		{63C08D5B-92FA-4BD3-9B0A-F9896E577A9A}.Release|Any CPU.Build.0 = Release|x86
		{AE9A804F-8E48-4903-A1DD-5B2297FF7476}.Debug|Any CPU.ActiveCfg = Debug|Any CPU
		{AE9A804F-8E48-4903-A1DD-5B2297FF7476}.Debug|Any CPU.Build.0 = Debug|Any CPU
		{AE9A804F-8E48-4903-A1DD-5B2297FF7476}.Release|Any CPU.ActiveCfg = Release|Any CPU
		{AE9A804F-8E48-4903-A1DD-5B2297FF7476}.Release|Any CPU.Build.0 = Release|Any CPU
	EndGlobalSection
	GlobalSection(SolutionProperties) = preSolution
		HideSolutionNode = FALSE
	EndGlobalSection
EndGlobal
